
Microsoft Visual Studio Solution File, Format Version 12.00
# Visual Studio 15
VisualStudioVersion = 15.0.28010.2016
MinimumVisualStudioVersion = 10.0.40219.1
Project("{FAE04EC0-301F-11D3-BF4B-00C04F79EFBC}") = "ToDo.Android", "ToDo\ToDo.Android\ToDo.Android.csproj", "{18F6A9C9-8302-4869-8E98-21418ECF3685}"
EndProject
Project("{FAE04EC0-301F-11D3-BF4B-00C04F79EFBC}") = "ToDo.iOS", "ToDo\ToDo.iOS\ToDo.iOS.csproj", "{28CADB43-D57E-457F-9C34-EF74BA03EC9C}"
EndProject
Project("{FAE04EC0-301F-11D3-BF4B-00C04F79EFBC}") = "ToDo.UWP", "ToDo\ToDo.UWP\ToDo.UWP.csproj", "{398F34D6-161C-497A-9ADE-938247C7DE18}"
EndProject
Project("{FAE04EC0-301F-11D3-BF4B-00C04F79EFBC}") = "ToDo", "ToDo\ToDo\ToDo.csproj", "{994051A3-126C-424C-88A1-E545B3E2BC68}"
EndProject
Global
	GlobalSection(SolutionConfigurationPlatforms) = preSolution
		Ad-Hoc|Any CPU = Ad-Hoc|Any CPU
		Ad-Hoc|ARM = Ad-Hoc|ARM
		Ad-Hoc|iPhone = Ad-Hoc|iPhone
		Ad-Hoc|iPhoneSimulator = Ad-Hoc|iPhoneSimulator
		Ad-Hoc|x64 = Ad-Hoc|x64
		Ad-Hoc|x86 = Ad-Hoc|x86
		AppStore|Any CPU = AppStore|Any CPU
		AppStore|ARM = AppStore|ARM
		AppStore|iPhone = AppStore|iPhone
		AppStore|iPhoneSimulator = AppStore|iPhoneSimulator
		AppStore|x64 = AppStore|x64
		AppStore|x86 = AppStore|x86
		Debug|Any CPU = Debug|Any CPU
		Debug|ARM = Debug|ARM
		Debug|iPhone = Debug|iPhone
		Debug|iPhoneSimulator = Debug|iPhoneSimulator
		Debug|x64 = Debug|x64
		Debug|x86 = Debug|x86
		Release|Any CPU = Release|Any CPU
		Release|ARM = Release|ARM
		Release|iPhone = Release|iPhone
		Release|iPhoneSimulator = Release|iPhoneSimulator
		Release|x64 = Release|x64
		Release|x86 = Release|x86
	EndGlobalSection
	GlobalSection(ProjectConfigurationPlatforms) = postSolution
		{18F6A9C9-8302-4869-8E98-21418ECF3685}.Ad-Hoc|Any CPU.ActiveCfg = Release|Any CPU
		{18F6A9C9-8302-4869-8E98-21418ECF3685}.Ad-Hoc|Any CPU.Build.0 = Release|Any CPU
		{18F6A9C9-8302-4869-8E98-21418ECF3685}.Ad-Hoc|Any CPU.Deploy.0 = Release|Any CPU
		{18F6A9C9-8302-4869-8E98-21418ECF3685}.Ad-Hoc|ARM.ActiveCfg = Release|Any CPU
		{18F6A9C9-8302-4869-8E98-21418ECF3685}.Ad-Hoc|ARM.Build.0 = Release|Any CPU
		{18F6A9C9-8302-4869-8E98-21418ECF3685}.Ad-Hoc|ARM.Deploy.0 = Release|Any CPU
		{18F6A9C9-8302-4869-8E98-21418ECF3685}.Ad-Hoc|iPhone.ActiveCfg = Release|Any CPU
		{18F6A9C9-8302-4869-8E98-21418ECF3685}.Ad-Hoc|iPhone.Build.0 = Release|Any CPU
		{18F6A9C9-8302-4869-8E98-21418ECF3685}.Ad-Hoc|iPhone.Deploy.0 = Release|Any CPU
		{18F6A9C9-8302-4869-8E98-21418ECF3685}.Ad-Hoc|iPhoneSimulator.ActiveCfg = Release|Any CPU
		{18F6A9C9-8302-4869-8E98-21418ECF3685}.Ad-Hoc|iPhoneSimulator.Build.0 = Release|Any CPU
		{18F6A9C9-8302-4869-8E98-21418ECF3685}.Ad-Hoc|iPhoneSimulator.Deploy.0 = Release|Any CPU
		{18F6A9C9-8302-4869-8E98-21418ECF3685}.Ad-Hoc|x64.ActiveCfg = Release|Any CPU
		{18F6A9C9-8302-4869-8E98-21418ECF3685}.Ad-Hoc|x64.Build.0 = Release|Any CPU
		{18F6A9C9-8302-4869-8E98-21418ECF3685}.Ad-Hoc|x64.Deploy.0 = Release|Any CPU
		{18F6A9C9-8302-4869-8E98-21418ECF3685}.Ad-Hoc|x86.ActiveCfg = Release|Any CPU
		{18F6A9C9-8302-4869-8E98-21418ECF3685}.Ad-Hoc|x86.Build.0 = Release|Any CPU
		{18F6A9C9-8302-4869-8E98-21418ECF3685}.Ad-Hoc|x86.Deploy.0 = Release|Any CPU
		{18F6A9C9-8302-4869-8E98-21418ECF3685}.AppStore|Any CPU.ActiveCfg = Release|Any CPU
		{18F6A9C9-8302-4869-8E98-21418ECF3685}.AppStore|Any CPU.Build.0 = Release|Any CPU
		{18F6A9C9-8302-4869-8E98-21418ECF3685}.AppStore|Any CPU.Deploy.0 = Release|Any CPU
		{18F6A9C9-8302-4869-8E98-21418ECF3685}.AppStore|ARM.ActiveCfg = Release|Any CPU
		{18F6A9C9-8302-4869-8E98-21418ECF3685}.AppStore|ARM.Build.0 = Release|Any CPU
		{18F6A9C9-8302-4869-8E98-21418ECF3685}.AppStore|ARM.Deploy.0 = Release|Any CPU
		{18F6A9C9-8302-4869-8E98-21418ECF3685}.AppStore|iPhone.ActiveCfg = Release|Any CPU
		{18F6A9C9-8302-4869-8E98-21418ECF3685}.AppStore|iPhone.Build.0 = Release|Any CPU
		{18F6A9C9-8302-4869-8E98-21418ECF3685}.AppStore|iPhone.Deploy.0 = Release|Any CPU
		{18F6A9C9-8302-4869-8E98-21418ECF3685}.AppStore|iPhoneSimulator.ActiveCfg = Release|Any CPU
		{18F6A9C9-8302-4869-8E98-21418ECF3685}.AppStore|iPhoneSimulator.Build.0 = Release|Any CPU
		{18F6A9C9-8302-4869-8E98-21418ECF3685}.AppStore|iPhoneSimulator.Deploy.0 = Release|Any CPU
		{18F6A9C9-8302-4869-8E98-21418ECF3685}.AppStore|x64.ActiveCfg = Release|Any CPU
		{18F6A9C9-8302-4869-8E98-21418ECF3685}.AppStore|x64.Build.0 = Release|Any CPU
		{18F6A9C9-8302-4869-8E98-21418ECF3685}.AppStore|x64.Deploy.0 = Release|Any CPU
		{18F6A9C9-8302-4869-8E98-21418ECF3685}.AppStore|x86.ActiveCfg = Release|Any CPU
		{18F6A9C9-8302-4869-8E98-21418ECF3685}.AppStore|x86.Build.0 = Release|Any CPU
		{18F6A9C9-8302-4869-8E98-21418ECF3685}.AppStore|x86.Deploy.0 = Release|Any CPU
		{18F6A9C9-8302-4869-8E98-21418ECF3685}.Debug|Any CPU.ActiveCfg = Debug|Any CPU
		{18F6A9C9-8302-4869-8E98-21418ECF3685}.Debug|Any CPU.Build.0 = Debug|Any CPU
		{18F6A9C9-8302-4869-8E98-21418ECF3685}.Debug|Any CPU.Deploy.0 = Debug|Any CPU
		{18F6A9C9-8302-4869-8E98-21418ECF3685}.Debug|ARM.ActiveCfg = Debug|Any CPU
		{18F6A9C9-8302-4869-8E98-21418ECF3685}.Debug|ARM.Build.0 = Debug|Any CPU
		{18F6A9C9-8302-4869-8E98-21418ECF3685}.Debug|ARM.Deploy.0 = Debug|Any CPU
		{18F6A9C9-8302-4869-8E98-21418ECF3685}.Debug|iPhone.ActiveCfg = Debug|Any CPU
		{18F6A9C9-8302-4869-8E98-21418ECF3685}.Debug|iPhone.Build.0 = Debug|Any CPU
		{18F6A9C9-8302-4869-8E98-21418ECF3685}.Debug|iPhone.Deploy.0 = Debug|Any CPU
		{18F6A9C9-8302-4869-8E98-21418ECF3685}.Debug|iPhoneSimulator.ActiveCfg = Debug|Any CPU
		{18F6A9C9-8302-4869-8E98-21418ECF3685}.Debug|iPhoneSimulator.Build.0 = Debug|Any CPU
		{18F6A9C9-8302-4869-8E98-21418ECF3685}.Debug|iPhoneSimulator.Deploy.0 = Debug|Any CPU
		{18F6A9C9-8302-4869-8E98-21418ECF3685}.Debug|x64.ActiveCfg = Debug|Any CPU
		{18F6A9C9-8302-4869-8E98-21418ECF3685}.Debug|x64.Build.0 = Debug|Any CPU
		{18F6A9C9-8302-4869-8E98-21418ECF3685}.Debug|x64.Deploy.0 = Debug|Any CPU
		{18F6A9C9-8302-4869-8E98-21418ECF3685}.Debug|x86.ActiveCfg = Debug|Any CPU
		{18F6A9C9-8302-4869-8E98-21418ECF3685}.Debug|x86.Build.0 = Debug|Any CPU
		{18F6A9C9-8302-4869-8E98-21418ECF3685}.Debug|x86.Deploy.0 = Debug|Any CPU
		{18F6A9C9-8302-4869-8E98-21418ECF3685}.Release|Any CPU.ActiveCfg = Release|Any CPU
		{18F6A9C9-8302-4869-8E98-21418ECF3685}.Release|Any CPU.Build.0 = Release|Any CPU
		{18F6A9C9-8302-4869-8E98-21418ECF3685}.Release|Any CPU.Deploy.0 = Release|Any CPU
		{18F6A9C9-8302-4869-8E98-21418ECF3685}.Release|ARM.ActiveCfg = Release|Any CPU
		{18F6A9C9-8302-4869-8E98-21418ECF3685}.Release|ARM.Build.0 = Release|Any CPU
		{18F6A9C9-8302-4869-8E98-21418ECF3685}.Release|ARM.Deploy.0 = Release|Any CPU
		{18F6A9C9-8302-4869-8E98-21418ECF3685}.Release|iPhone.ActiveCfg = Release|Any CPU
		{18F6A9C9-8302-4869-8E98-21418ECF3685}.Release|iPhone.Build.0 = Release|Any CPU
		{18F6A9C9-8302-4869-8E98-21418ECF3685}.Release|iPhone.Deploy.0 = Release|Any CPU
		{18F6A9C9-8302-4869-8E98-21418ECF3685}.Release|iPhoneSimulator.ActiveCfg = Release|Any CPU
		{18F6A9C9-8302-4869-8E98-21418ECF3685}.Release|iPhoneSimulator.Build.0 = Release|Any CPU
		{18F6A9C9-8302-4869-8E98-21418ECF3685}.Release|iPhoneSimulator.Deploy.0 = Release|Any CPU
		{18F6A9C9-8302-4869-8E98-21418ECF3685}.Release|x64.ActiveCfg = Release|Any CPU
		{18F6A9C9-8302-4869-8E98-21418ECF3685}.Release|x64.Build.0 = Release|Any CPU
		{18F6A9C9-8302-4869-8E98-21418ECF3685}.Release|x64.Deploy.0 = Release|Any CPU
		{18F6A9C9-8302-4869-8E98-21418ECF3685}.Release|x86.ActiveCfg = Release|Any CPU
		{18F6A9C9-8302-4869-8E98-21418ECF3685}.Release|x86.Build.0 = Release|Any CPU
		{18F6A9C9-8302-4869-8E98-21418ECF3685}.Release|x86.Deploy.0 = Release|Any CPU
		{28CADB43-D57E-457F-9C34-EF74BA03EC9C}.Ad-Hoc|Any CPU.ActiveCfg = Ad-Hoc|iPhone
		{28CADB43-D57E-457F-9C34-EF74BA03EC9C}.Ad-Hoc|Any CPU.Build.0 = Ad-Hoc|iPhone
		{28CADB43-D57E-457F-9C34-EF74BA03EC9C}.Ad-Hoc|Any CPU.Deploy.0 = Ad-Hoc|iPhone
		{28CADB43-D57E-457F-9C34-EF74BA03EC9C}.Ad-Hoc|ARM.ActiveCfg = Ad-Hoc|iPhone
		{28CADB43-D57E-457F-9C34-EF74BA03EC9C}.Ad-Hoc|ARM.Build.0 = Ad-Hoc|iPhone
		{28CADB43-D57E-457F-9C34-EF74BA03EC9C}.Ad-Hoc|ARM.Deploy.0 = Ad-Hoc|iPhone
		{28CADB43-D57E-457F-9C34-EF74BA03EC9C}.Ad-Hoc|iPhone.ActiveCfg = Ad-Hoc|iPhone
		{28CADB43-D57E-457F-9C34-EF74BA03EC9C}.Ad-Hoc|iPhone.Build.0 = Ad-Hoc|iPhone
		{28CADB43-D57E-457F-9C34-EF74BA03EC9C}.Ad-Hoc|iPhone.Deploy.0 = Ad-Hoc|iPhone
		{28CADB43-D57E-457F-9C34-EF74BA03EC9C}.Ad-Hoc|iPhoneSimulator.ActiveCfg = Ad-Hoc|iPhoneSimulator
		{28CADB43-D57E-457F-9C34-EF74BA03EC9C}.Ad-Hoc|iPhoneSimulator.Build.0 = Ad-Hoc|iPhoneSimulator
		{28CADB43-D57E-457F-9C34-EF74BA03EC9C}.Ad-Hoc|iPhoneSimulator.Deploy.0 = Ad-Hoc|iPhoneSimulator
		{28CADB43-D57E-457F-9C34-EF74BA03EC9C}.Ad-Hoc|x64.ActiveCfg = Ad-Hoc|iPhone
		{28CADB43-D57E-457F-9C34-EF74BA03EC9C}.Ad-Hoc|x64.Build.0 = Ad-Hoc|iPhone
		{28CADB43-D57E-457F-9C34-EF74BA03EC9C}.Ad-Hoc|x64.Deploy.0 = Ad-Hoc|iPhone
		{28CADB43-D57E-457F-9C34-EF74BA03EC9C}.Ad-Hoc|x86.ActiveCfg = Ad-Hoc|iPhone
		{28CADB43-D57E-457F-9C34-EF74BA03EC9C}.Ad-Hoc|x86.Build.0 = Ad-Hoc|iPhone
		{28CADB43-D57E-457F-9C34-EF74BA03EC9C}.Ad-Hoc|x86.Deploy.0 = Ad-Hoc|iPhone
		{28CADB43-D57E-457F-9C34-EF74BA03EC9C}.AppStore|Any CPU.ActiveCfg = AppStore|iPhone
		{28CADB43-D57E-457F-9C34-EF74BA03EC9C}.AppStore|Any CPU.Build.0 = AppStore|iPhone
		{28CADB43-D57E-457F-9C34-EF74BA03EC9C}.AppStore|Any CPU.Deploy.0 = AppStore|iPhone
		{28CADB43-D57E-457F-9C34-EF74BA03EC9C}.AppStore|ARM.ActiveCfg = AppStore|iPhone
		{28CADB43-D57E-457F-9C34-EF74BA03EC9C}.AppStore|ARM.Build.0 = AppStore|iPhone
		{28CADB43-D57E-457F-9C34-EF74BA03EC9C}.AppStore|ARM.Deploy.0 = AppStore|iPhone
		{28CADB43-D57E-457F-9C34-EF74BA03EC9C}.AppStore|iPhone.ActiveCfg = AppStore|iPhone
		{28CADB43-D57E-457F-9C34-EF74BA03EC9C}.AppStore|iPhone.Build.0 = AppStore|iPhone
		{28CADB43-D57E-457F-9C34-EF74BA03EC9C}.AppStore|iPhone.Deploy.0 = AppStore|iPhone
		{28CADB43-D57E-457F-9C34-EF74BA03EC9C}.AppStore|iPhoneSimulator.ActiveCfg = AppStore|iPhoneSimulator
		{28CADB43-D57E-457F-9C34-EF74BA03EC9C}.AppStore|iPhoneSimulator.Build.0 = AppStore|iPhoneSimulator
		{28CADB43-D57E-457F-9C34-EF74BA03EC9C}.AppStore|iPhoneSimulator.Deploy.0 = AppStore|iPhoneSimulator
		{28CADB43-D57E-457F-9C34-EF74BA03EC9C}.AppStore|x64.ActiveCfg = AppStore|iPhone
		{28CADB43-D57E-457F-9C34-EF74BA03EC9C}.AppStore|x64.Build.0 = AppStore|iPhone
		{28CADB43-D57E-457F-9C34-EF74BA03EC9C}.AppStore|x64.Deploy.0 = AppStore|iPhone
		{28CADB43-D57E-457F-9C34-EF74BA03EC9C}.AppStore|x86.ActiveCfg = AppStore|iPhone
		{28CADB43-D57E-457F-9C34-EF74BA03EC9C}.AppStore|x86.Build.0 = AppStore|iPhone
		{28CADB43-D57E-457F-9C34-EF74BA03EC9C}.AppStore|x86.Deploy.0 = AppStore|iPhone
		{28CADB43-D57E-457F-9C34-EF74BA03EC9C}.Debug|Any CPU.ActiveCfg = Debug|iPhoneSimulator
		{28CADB43-D57E-457F-9C34-EF74BA03EC9C}.Debug|Any CPU.Build.0 = Debug|iPhoneSimulator
		{28CADB43-D57E-457F-9C34-EF74BA03EC9C}.Debug|Any CPU.Deploy.0 = Debug|iPhoneSimulator
		{28CADB43-D57E-457F-9C34-EF74BA03EC9C}.Debug|ARM.ActiveCfg = Debug|iPhone
		{28CADB43-D57E-457F-9C34-EF74BA03EC9C}.Debug|ARM.Build.0 = Debug|iPhone
		{28CADB43-D57E-457F-9C34-EF74BA03EC9C}.Debug|ARM.Deploy.0 = Debug|iPhone
		{28CADB43-D57E-457F-9C34-EF74BA03EC9C}.Debug|iPhone.ActiveCfg = Debug|iPhone
		{28CADB43-D57E-457F-9C34-EF74BA03EC9C}.Debug|iPhone.Build.0 = Debug|iPhone
		{28CADB43-D57E-457F-9C34-EF74BA03EC9C}.Debug|iPhone.Deploy.0 = Debug|iPhone
		{28CADB43-D57E-457F-9C34-EF74BA03EC9C}.Debug|iPhoneSimulator.ActiveCfg = Debug|iPhoneSimulator
		{28CADB43-D57E-457F-9C34-EF74BA03EC9C}.Debug|iPhoneSimulator.Build.0 = Debug|iPhoneSimulator
		{28CADB43-D57E-457F-9C34-EF74BA03EC9C}.Debug|iPhoneSimulator.Deploy.0 = Debug|iPhoneSimulator
		{28CADB43-D57E-457F-9C34-EF74BA03EC9C}.Debug|x64.ActiveCfg = Debug|iPhone
		{28CADB43-D57E-457F-9C34-EF74BA03EC9C}.Debug|x64.Build.0 = Debug|iPhone
		{28CADB43-D57E-457F-9C34-EF74BA03EC9C}.Debug|x64.Deploy.0 = Debug|iPhone
		{28CADB43-D57E-457F-9C34-EF74BA03EC9C}.Debug|x86.ActiveCfg = Debug|iPhone
		{28CADB43-D57E-457F-9C34-EF74BA03EC9C}.Debug|x86.Build.0 = Debug|iPhone
		{28CADB43-D57E-457F-9C34-EF74BA03EC9C}.Debug|x86.Deploy.0 = Debug|iPhone
		{28CADB43-D57E-457F-9C34-EF74BA03EC9C}.Release|Any CPU.ActiveCfg = Release|iPhone
		{28CADB43-D57E-457F-9C34-EF74BA03EC9C}.Release|Any CPU.Build.0 = Release|iPhone
		{28CADB43-D57E-457F-9C34-EF74BA03EC9C}.Release|Any CPU.Deploy.0 = Release|iPhone
		{28CADB43-D57E-457F-9C34-EF74BA03EC9C}.Release|ARM.ActiveCfg = Release|iPhone
		{28CADB43-D57E-457F-9C34-EF74BA03EC9C}.Release|ARM.Build.0 = Release|iPhone
		{28CADB43-D57E-457F-9C34-EF74BA03EC9C}.Release|ARM.Deploy.0 = Release|iPhone
		{28CADB43-D57E-457F-9C34-EF74BA03EC9C}.Release|iPhone.ActiveCfg = Release|iPhone
		{28CADB43-D57E-457F-9C34-EF74BA03EC9C}.Release|iPhone.Build.0 = Release|iPhone
		{28CADB43-D57E-457F-9C34-EF74BA03EC9C}.Release|iPhone.Deploy.0 = Release|iPhone
		{28CADB43-D57E-457F-9C34-EF74BA03EC9C}.Release|iPhoneSimulator.ActiveCfg = Release|iPhoneSimulator
		{28CADB43-D57E-457F-9C34-EF74BA03EC9C}.Release|iPhoneSimulator.Build.0 = Release|iPhoneSimulator
		{28CADB43-D57E-457F-9C34-EF74BA03EC9C}.Release|iPhoneSimulator.Deploy.0 = Release|iPhoneSimulator
		{28CADB43-D57E-457F-9C34-EF74BA03EC9C}.Release|x64.ActiveCfg = Release|iPhone
		{28CADB43-D57E-457F-9C34-EF74BA03EC9C}.Release|x64.Build.0 = Release|iPhone
		{28CADB43-D57E-457F-9C34-EF74BA03EC9C}.Release|x64.Deploy.0 = Release|iPhone
		{28CADB43-D57E-457F-9C34-EF74BA03EC9C}.Release|x86.ActiveCfg = Release|iPhone
		{28CADB43-D57E-457F-9C34-EF74BA03EC9C}.Release|x86.Build.0 = Release|iPhone
		{28CADB43-D57E-457F-9C34-EF74BA03EC9C}.Release|x86.Deploy.0 = Release|iPhone
		{398F34D6-161C-497A-9ADE-938247C7DE18}.Ad-Hoc|Any CPU.ActiveCfg = Release|x86
		{398F34D6-161C-497A-9ADE-938247C7DE18}.Ad-Hoc|Any CPU.Build.0 = Release|x86
		{398F34D6-161C-497A-9ADE-938247C7DE18}.Ad-Hoc|Any CPU.Deploy.0 = Release|x86
		{398F34D6-161C-497A-9ADE-938247C7DE18}.Ad-Hoc|ARM.ActiveCfg = Release|ARM
		{398F34D6-161C-497A-9ADE-938247C7DE18}.Ad-Hoc|ARM.Build.0 = Release|ARM
		{398F34D6-161C-497A-9ADE-938247C7DE18}.Ad-Hoc|ARM.Deploy.0 = Release|ARM
		{398F34D6-161C-497A-9ADE-938247C7DE18}.Ad-Hoc|iPhone.ActiveCfg = Release|x86
		{398F34D6-161C-497A-9ADE-938247C7DE18}.Ad-Hoc|iPhone.Build.0 = Release|x86
		{398F34D6-161C-497A-9ADE-938247C7DE18}.Ad-Hoc|iPhone.Deploy.0 = Release|x86
		{398F34D6-161C-497A-9ADE-938247C7DE18}.Ad-Hoc|iPhoneSimulator.ActiveCfg = Release|x86
		{398F34D6-161C-497A-9ADE-938247C7DE18}.Ad-Hoc|iPhoneSimulator.Build.0 = Release|x86
		{398F34D6-161C-497A-9ADE-938247C7DE18}.Ad-Hoc|iPhoneSimulator.Deploy.0 = Release|x86
		{398F34D6-161C-497A-9ADE-938247C7DE18}.Ad-Hoc|x64.ActiveCfg = Release|x64
		{398F34D6-161C-497A-9ADE-938247C7DE18}.Ad-Hoc|x64.Build.0 = Release|x64
		{398F34D6-161C-497A-9ADE-938247C7DE18}.Ad-Hoc|x64.Deploy.0 = Release|x64
		{398F34D6-161C-497A-9ADE-938247C7DE18}.Ad-Hoc|x86.ActiveCfg = Release|x86
		{398F34D6-161C-497A-9ADE-938247C7DE18}.Ad-Hoc|x86.Build.0 = Release|x86
		{398F34D6-161C-497A-9ADE-938247C7DE18}.Ad-Hoc|x86.Deploy.0 = Release|x86
		{398F34D6-161C-497A-9ADE-938247C7DE18}.AppStore|Any CPU.ActiveCfg = Release|x86
		{398F34D6-161C-497A-9ADE-938247C7DE18}.AppStore|Any CPU.Build.0 = Release|x86
		{398F34D6-161C-497A-9ADE-938247C7DE18}.AppStore|Any CPU.Deploy.0 = Release|x86
		{398F34D6-161C-497A-9ADE-938247C7DE18}.AppStore|ARM.ActiveCfg = Release|ARM
		{398F34D6-161C-497A-9ADE-938247C7DE18}.AppStore|ARM.Build.0 = Release|ARM
		{398F34D6-161C-497A-9ADE-938247C7DE18}.AppStore|ARM.Deploy.0 = Release|ARM
		{398F34D6-161C-497A-9ADE-938247C7DE18}.AppStore|iPhone.ActiveCfg = Release|x86
		{398F34D6-161C-497A-9ADE-938247C7DE18}.AppStore|iPhone.Build.0 = Release|x86
		{398F34D6-161C-497A-9ADE-938247C7DE18}.AppStore|iPhone.Deploy.0 = Release|x86
		{398F34D6-161C-497A-9ADE-938247C7DE18}.AppStore|iPhoneSimulator.ActiveCfg = Release|x86
		{398F34D6-161C-497A-9ADE-938247C7DE18}.AppStore|iPhoneSimulator.Build.0 = Release|x86
		{398F34D6-161C-497A-9ADE-938247C7DE18}.AppStore|iPhoneSimulator.Deploy.0 = Release|x86
		{398F34D6-161C-497A-9ADE-938247C7DE18}.AppStore|x64.ActiveCfg = Release|x64
		{398F34D6-161C-497A-9ADE-938247C7DE18}.AppStore|x64.Build.0 = Release|x64
		{398F34D6-161C-497A-9ADE-938247C7DE18}.AppStore|x64.Deploy.0 = Release|x64
		{398F34D6-161C-497A-9ADE-938247C7DE18}.AppStore|x86.ActiveCfg = Release|x86
		{398F34D6-161C-497A-9ADE-938247C7DE18}.AppStore|x86.Build.0 = Release|x86
		{398F34D6-161C-497A-9ADE-938247C7DE18}.AppStore|x86.Deploy.0 = Release|x86
		{398F34D6-161C-497A-9ADE-938247C7DE18}.Debug|Any CPU.ActiveCfg = Debug|x86
		{398F34D6-161C-497A-9ADE-938247C7DE18}.Debug|Any CPU.Build.0 = Debug|x86
		{398F34D6-161C-497A-9ADE-938247C7DE18}.Debug|Any CPU.Deploy.0 = Debug|x86
		{398F34D6-161C-497A-9ADE-938247C7DE18}.Debug|ARM.ActiveCfg = Debug|ARM
		{398F34D6-161C-497A-9ADE-938247C7DE18}.Debug|ARM.Build.0 = Debug|ARM
		{398F34D6-161C-497A-9ADE-938247C7DE18}.Debug|ARM.Deploy.0 = Debug|ARM
		{398F34D6-161C-497A-9ADE-938247C7DE18}.Debug|iPhone.ActiveCfg = Debug|x86
		{398F34D6-161C-497A-9ADE-938247C7DE18}.Debug|iPhone.Build.0 = Debug|x86
		{398F34D6-161C-497A-9ADE-938247C7DE18}.Debug|iPhone.Deploy.0 = Debug|x86
		{398F34D6-161C-497A-9ADE-938247C7DE18}.Debug|iPhoneSimulator.ActiveCfg = Debug|x86
		{398F34D6-161C-497A-9ADE-938247C7DE18}.Debug|iPhoneSimulator.Build.0 = Debug|x86
		{398F34D6-161C-497A-9ADE-938247C7DE18}.Debug|iPhoneSimulator.Deploy.0 = Debug|x86
		{398F34D6-161C-497A-9ADE-938247C7DE18}.Debug|x64.ActiveCfg = Debug|x64
		{398F34D6-161C-497A-9ADE-938247C7DE18}.Debug|x64.Build.0 = Debug|x64
		{398F34D6-161C-497A-9ADE-938247C7DE18}.Debug|x64.Deploy.0 = Debug|x64
		{398F34D6-161C-497A-9ADE-938247C7DE18}.Debug|x86.ActiveCfg = Debug|x86
		{398F34D6-161C-497A-9ADE-938247C7DE18}.Debug|x86.Build.0 = Debug|x86
		{398F34D6-161C-497A-9ADE-938247C7DE18}.Debug|x86.Deploy.0 = Debug|x86
		{398F34D6-161C-497A-9ADE-938247C7DE18}.Release|Any CPU.ActiveCfg = Release|x86
		{398F34D6-161C-497A-9ADE-938247C7DE18}.Release|Any CPU.Build.0 = Release|x86
		{398F34D6-161C-497A-9ADE-938247C7DE18}.Release|Any CPU.Deploy.0 = Release|x86
		{398F34D6-161C-497A-9ADE-938247C7DE18}.Release|ARM.ActiveCfg = Release|ARM
		{398F34D6-161C-497A-9ADE-938247C7DE18}.Release|ARM.Build.0 = Release|ARM
		{398F34D6-161C-497A-9ADE-938247C7DE18}.Release|ARM.Deploy.0 = Release|ARM
		{398F34D6-161C-497A-9ADE-938247C7DE18}.Release|iPhone.ActiveCfg = Release|x86
		{398F34D6-161C-497A-9ADE-938247C7DE18}.Release|iPhone.Build.0 = Release|x86
		{398F34D6-161C-497A-9ADE-938247C7DE18}.Release|iPhone.Deploy.0 = Release|x86
		{398F34D6-161C-497A-9ADE-938247C7DE18}.Release|iPhoneSimulator.ActiveCfg = Release|x86
		{398F34D6-161C-497A-9ADE-938247C7DE18}.Release|iPhoneSimulator.Build.0 = Release|x86
		{398F34D6-161C-497A-9ADE-938247C7DE18}.Release|iPhoneSimulator.Deploy.0 = Release|x86
		{398F34D6-161C-497A-9ADE-938247C7DE18}.Release|x64.ActiveCfg = Release|x64
		{398F34D6-161C-497A-9ADE-938247C7DE18}.Release|x64.Build.0 = Release|x64
		{398F34D6-161C-497A-9ADE-938247C7DE18}.Release|x64.Deploy.0 = Release|x64
		{398F34D6-161C-497A-9ADE-938247C7DE18}.Release|x86.ActiveCfg = Release|x86
		{398F34D6-161C-497A-9ADE-938247C7DE18}.Release|x86.Build.0 = Release|x86
		{398F34D6-161C-497A-9ADE-938247C7DE18}.Release|x86.Deploy.0 = Release|x86
		{994051A3-126C-424C-88A1-E545B3E2BC68}.Ad-Hoc|Any CPU.ActiveCfg = Debug|Any CPU
		{994051A3-126C-424C-88A1-E545B3E2BC68}.Ad-Hoc|Any CPU.Build.0 = Debug|Any CPU
		{994051A3-126C-424C-88A1-E545B3E2BC68}.Ad-Hoc|Any CPU.Deploy.0 = Debug|Any CPU
		{994051A3-126C-424C-88A1-E545B3E2BC68}.Ad-Hoc|ARM.ActiveCfg = Debug|Any CPU
		{994051A3-126C-424C-88A1-E545B3E2BC68}.Ad-Hoc|ARM.Build.0 = Debug|Any CPU
		{994051A3-126C-424C-88A1-E545B3E2BC68}.Ad-Hoc|ARM.Deploy.0 = Debug|Any CPU
		{994051A3-126C-424C-88A1-E545B3E2BC68}.Ad-Hoc|iPhone.ActiveCfg = Debug|Any CPU
		{994051A3-126C-424C-88A1-E545B3E2BC68}.Ad-Hoc|iPhone.Build.0 = Debug|Any CPU
		{994051A3-126C-424C-88A1-E545B3E2BC68}.Ad-Hoc|iPhone.Deploy.0 = Debug|Any CPU
		{994051A3-126C-424C-88A1-E545B3E2BC68}.Ad-Hoc|iPhoneSimulator.ActiveCfg = Debug|Any CPU
		{994051A3-126C-424C-88A1-E545B3E2BC68}.Ad-Hoc|iPhoneSimulator.Build.0 = Debug|Any CPU
		{994051A3-126C-424C-88A1-E545B3E2BC68}.Ad-Hoc|iPhoneSimulator.Deploy.0 = Debug|Any CPU
		{994051A3-126C-424C-88A1-E545B3E2BC68}.Ad-Hoc|x64.ActiveCfg = Debug|Any CPU
		{994051A3-126C-424C-88A1-E545B3E2BC68}.Ad-Hoc|x64.Build.0 = Debug|Any CPU
		{994051A3-126C-424C-88A1-E545B3E2BC68}.Ad-Hoc|x64.Deploy.0 = Debug|Any CPU
		{994051A3-126C-424C-88A1-E545B3E2BC68}.Ad-Hoc|x86.ActiveCfg = Debug|Any CPU
		{994051A3-126C-424C-88A1-E545B3E2BC68}.Ad-Hoc|x86.Build.0 = Debug|Any CPU
		{994051A3-126C-424C-88A1-E545B3E2BC68}.Ad-Hoc|x86.Deploy.0 = Debug|Any CPU
		{994051A3-126C-424C-88A1-E545B3E2BC68}.AppStore|Any CPU.ActiveCfg = Debug|Any CPU
		{994051A3-126C-424C-88A1-E545B3E2BC68}.AppStore|Any CPU.Build.0 = Debug|Any CPU
		{994051A3-126C-424C-88A1-E545B3E2BC68}.AppStore|Any CPU.Deploy.0 = Debug|Any CPU
		{994051A3-126C-424C-88A1-E545B3E2BC68}.AppStore|ARM.ActiveCfg = Debug|Any CPU
		{994051A3-126C-424C-88A1-E545B3E2BC68}.AppStore|ARM.Build.0 = Debug|Any CPU
		{994051A3-126C-424C-88A1-E545B3E2BC68}.AppStore|ARM.Deploy.0 = Debug|Any CPU
		{994051A3-126C-424C-88A1-E545B3E2BC68}.AppStore|iPhone.ActiveCfg = Debug|Any CPU
		{994051A3-126C-424C-88A1-E545B3E2BC68}.AppStore|iPhone.Build.0 = Debug|Any CPU
		{994051A3-126C-424C-88A1-E545B3E2BC68}.AppStore|iPhone.Deploy.0 = Debug|Any CPU
		{994051A3-126C-424C-88A1-E545B3E2BC68}.AppStore|iPhoneSimulator.ActiveCfg = Debug|Any CPU
		{994051A3-126C-424C-88A1-E545B3E2BC68}.AppStore|iPhoneSimulator.Build.0 = Debug|Any CPU
		{994051A3-126C-424C-88A1-E545B3E2BC68}.AppStore|iPhoneSimulator.Deploy.0 = Debug|Any CPU
		{994051A3-126C-424C-88A1-E545B3E2BC68}.AppStore|x64.ActiveCfg = Debug|Any CPU
		{994051A3-126C-424C-88A1-E545B3E2BC68}.AppStore|x64.Build.0 = Debug|Any CPU
		{994051A3-126C-424C-88A1-E545B3E2BC68}.AppStore|x64.Deploy.0 = Debug|Any CPU
		{994051A3-126C-424C-88A1-E545B3E2BC68}.AppStore|x86.ActiveCfg = Debug|Any CPU
		{994051A3-126C-424C-88A1-E545B3E2BC68}.AppStore|x86.Build.0 = Debug|Any CPU
		{994051A3-126C-424C-88A1-E545B3E2BC68}.AppStore|x86.Deploy.0 = Debug|Any CPU
		{994051A3-126C-424C-88A1-E545B3E2BC68}.Debug|Any CPU.ActiveCfg = Debug|Any CPU
		{994051A3-126C-424C-88A1-E545B3E2BC68}.Debug|Any CPU.Build.0 = Debug|Any CPU
		{994051A3-126C-424C-88A1-E545B3E2BC68}.Debug|Any CPU.Deploy.0 = Debug|Any CPU
		{994051A3-126C-424C-88A1-E545B3E2BC68}.Debug|ARM.ActiveCfg = Debug|Any CPU
		{994051A3-126C-424C-88A1-E545B3E2BC68}.Debug|ARM.Build.0 = Debug|Any CPU
		{994051A3-126C-424C-88A1-E545B3E2BC68}.Debug|ARM.Deploy.0 = Debug|Any CPU
		{994051A3-126C-424C-88A1-E545B3E2BC68}.Debug|iPhone.ActiveCfg = Debug|Any CPU
		{994051A3-126C-424C-88A1-E545B3E2BC68}.Debug|iPhone.Build.0 = Debug|Any CPU
		{994051A3-126C-424C-88A1-E545B3E2BC68}.Debug|iPhone.Deploy.0 = Debug|Any CPU
		{994051A3-126C-424C-88A1-E545B3E2BC68}.Debug|iPhoneSimulator.ActiveCfg = Debug|Any CPU
		{994051A3-126C-424C-88A1-E545B3E2BC68}.Debug|iPhoneSimulator.Build.0 = Debug|Any CPU
		{994051A3-126C-424C-88A1-E545B3E2BC68}.Debug|iPhoneSimulator.Deploy.0 = Debug|Any CPU
		{994051A3-126C-424C-88A1-E545B3E2BC68}.Debug|x64.ActiveCfg = Debug|Any CPU
		{994051A3-126C-424C-88A1-E545B3E2BC68}.Debug|x64.Build.0 = Debug|Any CPU
		{994051A3-126C-424C-88A1-E545B3E2BC68}.Debug|x64.Deploy.0 = Debug|Any CPU
		{994051A3-126C-424C-88A1-E545B3E2BC68}.Debug|x86.ActiveCfg = Debug|Any CPU
		{994051A3-126C-424C-88A1-E545B3E2BC68}.Debug|x86.Build.0 = Debug|Any CPU
		{994051A3-126C-424C-88A1-E545B3E2BC68}.Debug|x86.Deploy.0 = Debug|Any CPU
		{994051A3-126C-424C-88A1-E545B3E2BC68}.Release|Any CPU.ActiveCfg = Release|Any CPU
		{994051A3-126C-424C-88A1-E545B3E2BC68}.Release|Any CPU.Build.0 = Release|Any CPU
		{994051A3-126C-424C-88A1-E545B3E2BC68}.Release|Any CPU.Deploy.0 = Release|Any CPU
		{994051A3-126C-424C-88A1-E545B3E2BC68}.Release|ARM.ActiveCfg = Release|Any CPU
		{994051A3-126C-424C-88A1-E545B3E2BC68}.Release|ARM.Build.0 = Release|Any CPU
		{994051A3-126C-424C-88A1-E545B3E2BC68}.Release|ARM.Deploy.0 = Release|Any CPU
		{994051A3-126C-424C-88A1-E545B3E2BC68}.Release|iPhone.ActiveCfg = Release|Any CPU
		{994051A3-126C-424C-88A1-E545B3E2BC68}.Release|iPhone.Build.0 = Release|Any CPU
		{994051A3-126C-424C-88A1-E545B3E2BC68}.Release|iPhone.Deploy.0 = Release|Any CPU
		{994051A3-126C-424C-88A1-E545B3E2BC68}.Release|iPhoneSimulator.ActiveCfg = Release|Any CPU
		{994051A3-126C-424C-88A1-E545B3E2BC68}.Release|iPhoneSimulator.Build.0 = Release|Any CPU
		{994051A3-126C-424C-88A1-E545B3E2BC68}.Release|iPhoneSimulator.Deploy.0 = Release|Any CPU
		{994051A3-126C-424C-88A1-E545B3E2BC68}.Release|x64.ActiveCfg = Release|Any CPU
		{994051A3-126C-424C-88A1-E545B3E2BC68}.Release|x64.Build.0 = Release|Any CPU
		{994051A3-126C-424C-88A1-E545B3E2BC68}.Release|x64.Deploy.0 = Release|Any CPU
		{994051A3-126C-424C-88A1-E545B3E2BC68}.Release|x86.ActiveCfg = Release|Any CPU
		{994051A3-126C-424C-88A1-E545B3E2BC68}.Release|x86.Build.0 = Release|Any CPU
		{994051A3-126C-424C-88A1-E545B3E2BC68}.Release|x86.Deploy.0 = Release|Any CPU
	EndGlobalSection
	GlobalSection(SolutionProperties) = preSolution
		HideSolutionNode = FALSE
	EndGlobalSection
	GlobalSection(ExtensibilityGlobals) = postSolution
		SolutionGuid = {86068790-AF4F-4844-8E7C-6795B5265FD1}
	EndGlobalSection
EndGlobal
